// !$*UTF8*$!
{
	archiveVersion = 1;
	classes = {
	};
	objectVersion = 46;
	objects = {

/* Begin PBXBuildFile section */
		0679B3B1F0FCECE3A1A5728D /* libPods.a in Frameworks */ = {isa = PBXBuildFile; fileRef = BECDDE8673D50544D415ED2A /* libPods.a */; };
		3D1C868A1B0D155C00586C62 /* CardView.h in Sources */ = {isa = PBXBuildFile; fileRef = 3D1C86891B0D155C00586C62 /* CardView.h */; };
		3D1C868C1B0D16A100586C62 /* CardView.m in Sources */ = {isa = PBXBuildFile; fileRef = 3D1C86881B0D155C00586C62 /* CardView.m */; };
		3DD6E6FA1B3336F00033692B /* TemperatureStateManager.m in Sources */ = {isa = PBXBuildFile; fileRef = 3DD6E6F91B3336F00033692B /* TemperatureStateManager.m */; };
		3DFD72271B583D7A00BC2E02 /* LoginWebViewController.m in Sources */ = {isa = PBXBuildFile; fileRef = 3DFD72251B583D7A00BC2E02 /* LoginWebViewController.m */; };
		3DFD722F1B584CFF00BC2E02 /* NSURL+QueryParser.m in Sources */ = {isa = PBXBuildFile; fileRef = 3DFD722E1B584CFF00BC2E02 /* NSURL+QueryParser.m */; };
		40B504A71B04922C00E03B34 /* main.m in Sources */ = {isa = PBXBuildFile; fileRef = 40B504A61B04922C00E03B34 /* main.m */; };
		40B504AA1B04922C00E03B34 /* AppDelegate.m in Sources */ = {isa = PBXBuildFile; fileRef = 40B504A91B04922C00E03B34 /* AppDelegate.m */; };
		40B504AD1B04922C00E03B34 /* ControlViewController.m in Sources */ = {isa = PBXBuildFile; fileRef = 40B504AC1B04922C00E03B34 /* ControlViewController.m */; };
		40B504B01B04922C00E03B34 /* Main.storyboard in Resources */ = {isa = PBXBuildFile; fileRef = 40B504AE1B04922C00E03B34 /* Main.storyboard */; };
		40B504B21B04922C00E03B34 /* Images.xcassets in Resources */ = {isa = PBXBuildFile; fileRef = 40B504B11B04922C00E03B34 /* Images.xcassets */; };
		40B504B51B04922C00E03B34 /* LaunchScreen.xib in Resources */ = {isa = PBXBuildFile; fileRef = 40B504B31B04922C00E03B34 /* LaunchScreen.xib */; };
		40B504C11B04922C00E03B34 /* _0__for_NestTests.m in Sources */ = {isa = PBXBuildFile; fileRef = 40B504C01B04922C00E03B34 /* _0__for_NestTests.m */; };
/* End PBXBuildFile section */

/* Begin PBXContainerItemProxy section */
		40B504BB1B04922C00E03B34 /* PBXContainerItemProxy */ = {
			isa = PBXContainerItemProxy;
			containerPortal = 40B504991B04922C00E03B34 /* Project object */;
			proxyType = 1;
			remoteGlobalIDString = 40B504A01B04922C00E03B34;
			remoteInfo = "20° for Nest";
		};
/* End PBXContainerItemProxy section */

/* Begin PBXFileReference section */
		2251E6B00D23373F79D148FF /* Pods.debug.xcconfig */ = {isa = PBXFileReference; includeInIndex = 1; lastKnownFileType = text.xcconfig; name = Pods.debug.xcconfig; path = "Pods/Target Support Files/Pods/Pods.debug.xcconfig"; sourceTree = "<group>"; };
		3D1C86881B0D155C00586C62 /* CardView.m */ = {isa = PBXFileReference; fileEncoding = 4; lastKnownFileType = sourcecode.c.objc; name = CardView.m; path = Views/CardView.m; sourceTree = "<group>"; };
		3D1C86891B0D155C00586C62 /* CardView.h */ = {isa = PBXFileReference; fileEncoding = 4; lastKnownFileType = sourcecode.c.h; name = CardView.h; path = Views/CardView.h; sourceTree = "<group>"; };
		3DD6E6F81B3336F00033692B /* TemperatureStateManager.h */ = {isa = PBXFileReference; fileEncoding = 4; lastKnownFileType = sourcecode.c.h; path = TemperatureStateManager.h; sourceTree = "<group>"; };
		3DD6E6F91B3336F00033692B /* TemperatureStateManager.m */ = {isa = PBXFileReference; fileEncoding = 4; lastKnownFileType = sourcecode.c.objc; path = TemperatureStateManager.m; sourceTree = "<group>"; };
		3DD6E6FB1B333CBB0033692B /* TemperatureStateChangedProtocol.h */ = {isa = PBXFileReference; lastKnownFileType = sourcecode.c.h; path = TemperatureStateChangedProtocol.h; sourceTree = "<group>"; };
		3DFD72241B583D7A00BC2E02 /* LoginWebViewController.h */ = {isa = PBXFileReference; fileEncoding = 4; lastKnownFileType = sourcecode.c.h; path = LoginWebViewController.h; sourceTree = "<group>"; };
		3DFD72251B583D7A00BC2E02 /* LoginWebViewController.m */ = {isa = PBXFileReference; fileEncoding = 4; lastKnownFileType = sourcecode.c.objc; path = LoginWebViewController.m; sourceTree = "<group>"; };
		3DFD722D1B584CFF00BC2E02 /* NSURL+QueryParser.h */ = {isa = PBXFileReference; fileEncoding = 4; lastKnownFileType = sourcecode.c.h; path = "NSURL+QueryParser.h"; sourceTree = "<group>"; };
		3DFD722E1B584CFF00BC2E02 /* NSURL+QueryParser.m */ = {isa = PBXFileReference; fileEncoding = 4; lastKnownFileType = sourcecode.c.objc; path = "NSURL+QueryParser.m"; sourceTree = "<group>"; };
		40B504A11B04922C00E03B34 /* 20° for Nest.app */ = {isa = PBXFileReference; explicitFileType = wrapper.application; includeInIndex = 0; path = "20° for Nest.app"; sourceTree = BUILT_PRODUCTS_DIR; };
		40B504A51B04922C00E03B34 /* Info.plist */ = {isa = PBXFileReference; lastKnownFileType = text.plist.xml; path = Info.plist; sourceTree = "<group>"; };
		40B504A61B04922C00E03B34 /* main.m */ = {isa = PBXFileReference; lastKnownFileType = sourcecode.c.objc; path = main.m; sourceTree = "<group>"; };
		40B504A81B04922C00E03B34 /* AppDelegate.h */ = {isa = PBXFileReference; lastKnownFileType = sourcecode.c.h; path = AppDelegate.h; sourceTree = "<group>"; };
		40B504A91B04922C00E03B34 /* AppDelegate.m */ = {isa = PBXFileReference; lastKnownFileType = sourcecode.c.objc; path = AppDelegate.m; sourceTree = "<group>"; };
		40B504AB1B04922C00E03B34 /* ControlViewController.h */ = {isa = PBXFileReference; lastKnownFileType = sourcecode.c.h; name = ControlViewController.h; path = Controllers/ControlViewController.h; sourceTree = "<group>"; };
		40B504AC1B04922C00E03B34 /* ControlViewController.m */ = {isa = PBXFileReference; lastKnownFileType = sourcecode.c.objc; name = ControlViewController.m; path = Controllers/ControlViewController.m; sourceTree = "<group>"; };
		40B504AF1B04922C00E03B34 /* Base */ = {isa = PBXFileReference; lastKnownFileType = file.storyboard; name = Base; path = Base.lproj/Main.storyboard; sourceTree = "<group>"; };
		40B504B11B04922C00E03B34 /* Images.xcassets */ = {isa = PBXFileReference; lastKnownFileType = folder.assetcatalog; path = Images.xcassets; sourceTree = "<group>"; };
		40B504B41B04922C00E03B34 /* Base */ = {isa = PBXFileReference; lastKnownFileType = file.xib; name = Base; path = Base.lproj/LaunchScreen.xib; sourceTree = "<group>"; };
		40B504BA1B04922C00E03B34 /* 20° for NestTests.xctest */ = {isa = PBXFileReference; explicitFileType = wrapper.cfbundle; includeInIndex = 0; path = "20° for NestTests.xctest"; sourceTree = BUILT_PRODUCTS_DIR; };
		40B504BF1B04922C00E03B34 /* Info.plist */ = {isa = PBXFileReference; lastKnownFileType = text.plist.xml; path = Info.plist; sourceTree = "<group>"; };
		40B504C01B04922C00E03B34 /* _0__for_NestTests.m */ = {isa = PBXFileReference; lastKnownFileType = sourcecode.c.objc; path = _0__for_NestTests.m; sourceTree = "<group>"; };
		BECDDE8673D50544D415ED2A /* libPods.a */ = {isa = PBXFileReference; explicitFileType = archive.ar; includeInIndex = 0; path = libPods.a; sourceTree = BUILT_PRODUCTS_DIR; };
		E4F331F32B8FFF846BA39E9E /* Pods.release.xcconfig */ = {isa = PBXFileReference; includeInIndex = 1; lastKnownFileType = text.xcconfig; name = Pods.release.xcconfig; path = "Pods/Target Support Files/Pods/Pods.release.xcconfig"; sourceTree = "<group>"; };
/* End PBXFileReference section */

/* Begin PBXFrameworksBuildPhase section */
		40B5049E1B04922C00E03B34 /* Frameworks */ = {
			isa = PBXFrameworksBuildPhase;
			buildActionMask = 2147483647;
			files = (
				0679B3B1F0FCECE3A1A5728D /* libPods.a in Frameworks */,
			);
			runOnlyForDeploymentPostprocessing = 0;
		};
		40B504B71B04922C00E03B34 /* Frameworks */ = {
			isa = PBXFrameworksBuildPhase;
			buildActionMask = 2147483647;
			files = (
			);
			runOnlyForDeploymentPostprocessing = 0;
		};
/* End PBXFrameworksBuildPhase section */

/* Begin PBXGroup section */
		0592DC82C49C31CE1C37A052 /* Frameworks */ = {
			isa = PBXGroup;
			children = (
				BECDDE8673D50544D415ED2A /* libPods.a */,
			);
			name = Frameworks;
			sourceTree = "<group>";
		};
		0994326556F661B62C8AAB51 /* Pods */ = {
			isa = PBXGroup;
			children = (
				2251E6B00D23373F79D148FF /* Pods.debug.xcconfig */,
				E4F331F32B8FFF846BA39E9E /* Pods.release.xcconfig */,
			);
			name = Pods;
			sourceTree = "<group>";
		};
		3D1C86841B0D14CE00586C62 /* Views */ = {
			isa = PBXGroup;
			children = (
				3D1C86891B0D155C00586C62 /* CardView.h */,
				3D1C86881B0D155C00586C62 /* CardView.m */,
			);
			name = Views;
			sourceTree = "<group>";
		};
		3D1C86851B0D14E900586C62 /* Controllers */ = {
			isa = PBXGroup;
			children = (
				40B504AB1B04922C00E03B34 /* ControlViewController.h */,
				40B504AC1B04922C00E03B34 /* ControlViewController.m */,
				3DFD72241B583D7A00BC2E02 /* LoginWebViewController.h */,
				3DFD72251B583D7A00BC2E02 /* LoginWebViewController.m */,
			);
			name = Controllers;
			sourceTree = "<group>";
		};
		3D1C86861B0D150E00586C62 /* IB */ = {
			isa = PBXGroup;
			children = (
				40B504AE1B04922C00E03B34 /* Main.storyboard */,
				40B504B31B04922C00E03B34 /* LaunchScreen.xib */,
			);
			name = IB;
			sourceTree = "<group>";
		};
		3D1C86871B0D151800586C62 /* Resources */ = {
			isa = PBXGroup;
			children = (
				40B504B11B04922C00E03B34 /* Images.xcassets */,
			);
			name = Resources;
			sourceTree = "<group>";
		};
		3DD6E6F71B3336DC0033692B /* TemperatureManager */ = {
			isa = PBXGroup;
			children = (
				3DD6E6F81B3336F00033692B /* TemperatureStateManager.h */,
				3DD6E6F91B3336F00033692B /* TemperatureStateManager.m */,
				3DD6E6FB1B333CBB0033692B /* TemperatureStateChangedProtocol.h */,
			);
			name = TemperatureManager;
			sourceTree = "<group>";
		};
		3DFD72291B584C7E00BC2E02 /* Catagories */ = {
			isa = PBXGroup;
			children = (
				3DFD722D1B584CFF00BC2E02 /* NSURL+QueryParser.h */,
				3DFD722E1B584CFF00BC2E02 /* NSURL+QueryParser.m */,
			);
			name = Catagories;
			sourceTree = "<group>";
		};
		40B504981B04922C00E03B34 = {
			isa = PBXGroup;
			children = (
				40B504A31B04922C00E03B34 /* 20° for Nest */,
				40B504BD1B04922C00E03B34 /* 20° for NestTests */,
				40B504A21B04922C00E03B34 /* Products */,
				0994326556F661B62C8AAB51 /* Pods */,
				0592DC82C49C31CE1C37A052 /* Frameworks */,
			);
			sourceTree = "<group>";
		};
		40B504A21B04922C00E03B34 /* Products */ = {
			isa = PBXGroup;
			children = (
				40B504A11B04922C00E03B34 /* 20° for Nest.app */,
				40B504BA1B04922C00E03B34 /* 20° for NestTests.xctest */,
			);
			name = Products;
			sourceTree = "<group>";
		};
		40B504A31B04922C00E03B34 /* 20° for Nest */ = {
			isa = PBXGroup;
			children = (
				3DFD72291B584C7E00BC2E02 /* Catagories */,
				3DD6E6F71B3336DC0033692B /* TemperatureManager */,
				40B504A41B04922C00E03B34 /* Supporting Files */,
				3D1C86871B0D151800586C62 /* Resources */,
				3D1C86861B0D150E00586C62 /* IB */,
				3D1C86851B0D14E900586C62 /* Controllers */,
				3D1C86841B0D14CE00586C62 /* Views */,
			);
			path = "20° for Nest";
			sourceTree = "<group>";
		};
		40B504A41B04922C00E03B34 /* Supporting Files */ = {
			isa = PBXGroup;
			children = (
				40B504A81B04922C00E03B34 /* AppDelegate.h */,
				40B504A91B04922C00E03B34 /* AppDelegate.m */,
				40B504A51B04922C00E03B34 /* Info.plist */,
				40B504A61B04922C00E03B34 /* main.m */,
			);
			name = "Supporting Files";
			sourceTree = "<group>";
		};
		40B504BD1B04922C00E03B34 /* 20° for NestTests */ = {
			isa = PBXGroup;
			children = (
				40B504C01B04922C00E03B34 /* _0__for_NestTests.m */,
				40B504BE1B04922C00E03B34 /* Supporting Files */,
			);
			path = "20° for NestTests";
			sourceTree = "<group>";
		};
		40B504BE1B04922C00E03B34 /* Supporting Files */ = {
			isa = PBXGroup;
			children = (
				40B504BF1B04922C00E03B34 /* Info.plist */,
			);
			name = "Supporting Files";
			sourceTree = "<group>";
		};
/* End PBXGroup section */

/* Begin PBXNativeTarget section */
		40B504A01B04922C00E03B34 /* 20° for Nest */ = {
			isa = PBXNativeTarget;
			buildConfigurationList = 40B504C41B04922C00E03B34 /* Build configuration list for PBXNativeTarget "20° for Nest" */;
			buildPhases = (
				1D4A5731A04530F26B676613 /* Check Pods Manifest.lock */,
				40B5049D1B04922C00E03B34 /* Sources */,
				40B5049E1B04922C00E03B34 /* Frameworks */,
				40B5049F1B04922C00E03B34 /* Resources */,
				30A8E4879EF8CAC3584F607A /* Copy Pods Resources */,
			);
			buildRules = (
			);
			dependencies = (
			);
			name = "20° for Nest";
			productName = "20° for Nest";
			productReference = 40B504A11B04922C00E03B34 /* 20° for Nest.app */;
			productType = "com.apple.product-type.application";
		};
		40B504B91B04922C00E03B34 /* 20° for NestTests */ = {
			isa = PBXNativeTarget;
			buildConfigurationList = 40B504C71B04922C00E03B34 /* Build configuration list for PBXNativeTarget "20° for NestTests" */;
			buildPhases = (
				40B504B61B04922C00E03B34 /* Sources */,
				40B504B71B04922C00E03B34 /* Frameworks */,
				40B504B81B04922C00E03B34 /* Resources */,
			);
			buildRules = (
			);
			dependencies = (
				40B504BC1B04922C00E03B34 /* PBXTargetDependency */,
			);
			name = "20° for NestTests";
			productName = "20° for NestTests";
			productReference = 40B504BA1B04922C00E03B34 /* 20° for NestTests.xctest */;
			productType = "com.apple.product-type.bundle.unit-test";
		};
/* End PBXNativeTarget section */

/* Begin PBXProject section */
		40B504991B04922C00E03B34 /* Project object */ = {
			isa = PBXProject;
			attributes = {
				LastUpgradeCheck = 0630;
				ORGANIZATIONNAME = "20°";
				TargetAttributes = {
					40B504A01B04922C00E03B34 = {
						CreatedOnToolsVersion = 6.3.1;
						DevelopmentTeam = 4DCBPTX47J;
					};
					40B504B91B04922C00E03B34 = {
						CreatedOnToolsVersion = 6.3.1;
						TestTargetID = 40B504A01B04922C00E03B34;
					};
				};
			};
			buildConfigurationList = 40B5049C1B04922C00E03B34 /* Build configuration list for PBXProject "20° for Nest" */;
			compatibilityVersion = "Xcode 3.2";
			developmentRegion = English;
			hasScannedForEncodings = 0;
			knownRegions = (
				en,
				Base,
			);
			mainGroup = 40B504981B04922C00E03B34;
			productRefGroup = 40B504A21B04922C00E03B34 /* Products */;
			projectDirPath = "";
			projectRoot = "";
			targets = (
				40B504A01B04922C00E03B34 /* 20° for Nest */,
				40B504B91B04922C00E03B34 /* 20° for NestTests */,
			);
		};
/* End PBXProject section */

/* Begin PBXResourcesBuildPhase section */
		40B5049F1B04922C00E03B34 /* Resources */ = {
			isa = PBXResourcesBuildPhase;
			buildActionMask = 2147483647;
			files = (
				40B504B01B04922C00E03B34 /* Main.storyboard in Resources */,
				40B504B51B04922C00E03B34 /* LaunchScreen.xib in Resources */,
				40B504B21B04922C00E03B34 /* Images.xcassets in Resources */,
			);
			runOnlyForDeploymentPostprocessing = 0;
		};
		40B504B81B04922C00E03B34 /* Resources */ = {
			isa = PBXResourcesBuildPhase;
			buildActionMask = 2147483647;
			files = (
			);
			runOnlyForDeploymentPostprocessing = 0;
		};
/* End PBXResourcesBuildPhase section */

/* Begin PBXShellScriptBuildPhase section */
		1D4A5731A04530F26B676613 /* Check Pods Manifest.lock */ = {
			isa = PBXShellScriptBuildPhase;
			buildActionMask = 2147483647;
			files = (
			);
			inputPaths = (
			);
			name = "Check Pods Manifest.lock";
			outputPaths = (
			);
			runOnlyForDeploymentPostprocessing = 0;
			shellPath = /bin/sh;
			shellScript = "diff \"${PODS_ROOT}/../Podfile.lock\" \"${PODS_ROOT}/Manifest.lock\" > /dev/null\nif [[ $? != 0 ]] ; then\n    cat << EOM\nerror: The sandbox is not in sync with the Podfile.lock. Run 'pod install' or update your CocoaPods installation.\nEOM\n    exit 1\nfi\n";
			showEnvVarsInLog = 0;
		};
		30A8E4879EF8CAC3584F607A /* Copy Pods Resources */ = {
			isa = PBXShellScriptBuildPhase;
			buildActionMask = 2147483647;
			files = (
			);
			inputPaths = (
			);
			name = "Copy Pods Resources";
			outputPaths = (
			);
			runOnlyForDeploymentPostprocessing = 0;
			shellPath = /bin/sh;
			shellScript = "\"${SRCROOT}/Pods/Target Support Files/Pods/Pods-resources.sh\"\n";
			showEnvVarsInLog = 0;
		};
/* End PBXShellScriptBuildPhase section */

/* Begin PBXSourcesBuildPhase section */
		40B5049D1B04922C00E03B34 /* Sources */ = {
			isa = PBXSourcesBuildPhase;
			buildActionMask = 2147483647;
			files = (
				3DFD722F1B584CFF00BC2E02 /* NSURL+QueryParser.m in Sources */,
				3DD6E6FA1B3336F00033692B /* TemperatureStateManager.m in Sources */,
				40B504AD1B04922C00E03B34 /* ControlViewController.m in Sources */,
				3DFD72271B583D7A00BC2E02 /* LoginWebViewController.m in Sources */,
				40B504AA1B04922C00E03B34 /* AppDelegate.m in Sources */,
				3D1C868C1B0D16A100586C62 /* CardView.m in Sources */,
				3D1C868A1B0D155C00586C62 /* CardView.h in Sources */,
				40B504A71B04922C00E03B34 /* main.m in Sources */,
			);
			runOnlyForDeploymentPostprocessing = 0;
		};
		40B504B61B04922C00E03B34 /* Sources */ = {
			isa = PBXSourcesBuildPhase;
			buildActionMask = 2147483647;
			files = (
				40B504C11B04922C00E03B34 /* _0__for_NestTests.m in Sources */,
			);
			runOnlyForDeploymentPostprocessing = 0;
		};
/* End PBXSourcesBuildPhase section */

/* Begin PBXTargetDependency section */
		40B504BC1B04922C00E03B34 /* PBXTargetDependency */ = {
			isa = PBXTargetDependency;
			target = 40B504A01B04922C00E03B34 /* 20° for Nest */;
			targetProxy = 40B504BB1B04922C00E03B34 /* PBXContainerItemProxy */;
		};
/* End PBXTargetDependency section */

/* Begin PBXVariantGroup section */
		40B504AE1B04922C00E03B34 /* Main.storyboard */ = {
			isa = PBXVariantGroup;
			children = (
				40B504AF1B04922C00E03B34 /* Base */,
			);
			name = Main.storyboard;
			sourceTree = "<group>";
		};
		40B504B31B04922C00E03B34 /* LaunchScreen.xib */ = {
			isa = PBXVariantGroup;
			children = (
				40B504B41B04922C00E03B34 /* Base */,
			);
			name = LaunchScreen.xib;
			sourceTree = "<group>";
		};
/* End PBXVariantGroup section */

/* Begin XCBuildConfiguration section */
		40B504C21B04922C00E03B34 /* Debug */ = {
			isa = XCBuildConfiguration;
			buildSettings = {
				ALWAYS_SEARCH_USER_PATHS = NO;
				CLANG_CXX_LANGUAGE_STANDARD = "gnu++0x";
				CLANG_CXX_LIBRARY = "libc++";
				CLANG_ENABLE_MODULES = YES;
				CLANG_ENABLE_OBJC_ARC = YES;
				CLANG_WARN_BOOL_CONVERSION = YES;
				CLANG_WARN_CONSTANT_CONVERSION = YES;
				CLANG_WARN_DIRECT_OBJC_ISA_USAGE = YES_ERROR;
				CLANG_WARN_EMPTY_BODY = YES;
				CLANG_WARN_ENUM_CONVERSION = YES;
				CLANG_WARN_INT_CONVERSION = YES;
				CLANG_WARN_OBJC_ROOT_CLASS = YES_ERROR;
				CLANG_WARN_UNREACHABLE_CODE = YES;
				CLANG_WARN__DUPLICATE_METHOD_MATCH = YES;
				"CODE_SIGN_IDENTITY[sdk=iphoneos*]" = "iPhone Developer";
				COPY_PHASE_STRIP = NO;
				DEBUG_INFORMATION_FORMAT = "dwarf-with-dsym";
				ENABLE_STRICT_OBJC_MSGSEND = YES;
				GCC_C_LANGUAGE_STANDARD = gnu99;
				GCC_DYNAMIC_NO_PIC = NO;
				GCC_NO_COMMON_BLOCKS = YES;
				GCC_OPTIMIZATION_LEVEL = 0;
				GCC_PREPROCESSOR_DEFINITIONS = (
					"DEBUG=1",
					"$(inherited)",
				);
				GCC_SYMBOLS_PRIVATE_EXTERN = NO;
				GCC_WARN_64_TO_32_BIT_CONVERSION = YES;
				GCC_WARN_ABOUT_RETURN_TYPE = YES_ERROR;
				GCC_WARN_UNDECLARED_SELECTOR = YES;
				GCC_WARN_UNINITIALIZED_AUTOS = YES_AGGRESSIVE;
				GCC_WARN_UNUSED_FUNCTION = YES;
				GCC_WARN_UNUSED_VARIABLE = YES;
				IPHONEOS_DEPLOYMENT_TARGET = 8.3;
				MTL_ENABLE_DEBUG_INFO = YES;
				ONLY_ACTIVE_ARCH = YES;
				SDKROOT = iphoneos;
			};
			name = Debug;
		};
		40B504C31B04922C00E03B34 /* Release */ = {
			isa = XCBuildConfiguration;
			buildSettings = {
				ALWAYS_SEARCH_USER_PATHS = NO;
				CLANG_CXX_LANGUAGE_STANDARD = "gnu++0x";
				CLANG_CXX_LIBRARY = "libc++";
				CLANG_ENABLE_MODULES = YES;
				CLANG_ENABLE_OBJC_ARC = YES;
				CLANG_WARN_BOOL_CONVERSION = YES;
				CLANG_WARN_CONSTANT_CONVERSION = YES;
				CLANG_WARN_DIRECT_OBJC_ISA_USAGE = YES_ERROR;
				CLANG_WARN_EMPTY_BODY = YES;
				CLANG_WARN_ENUM_CONVERSION = YES;
				CLANG_WARN_INT_CONVERSION = YES;
				CLANG_WARN_OBJC_ROOT_CLASS = YES_ERROR;
				CLANG_WARN_UNREACHABLE_CODE = YES;
				CLANG_WARN__DUPLICATE_METHOD_MATCH = YES;
				"CODE_SIGN_IDENTITY[sdk=iphoneos*]" = "iPhone Developer";
				COPY_PHASE_STRIP = NO;
				DEBUG_INFORMATION_FORMAT = "dwarf-with-dsym";
				ENABLE_NS_ASSERTIONS = NO;
				ENABLE_STRICT_OBJC_MSGSEND = YES;
				GCC_C_LANGUAGE_STANDARD = gnu99;
				GCC_NO_COMMON_BLOCKS = YES;
				GCC_WARN_64_TO_32_BIT_CONVERSION = YES;
				GCC_WARN_ABOUT_RETURN_TYPE = YES_ERROR;
				GCC_WARN_UNDECLARED_SELECTOR = YES;
				GCC_WARN_UNINITIALIZED_AUTOS = YES_AGGRESSIVE;
				GCC_WARN_UNUSED_FUNCTION = YES;
				GCC_WARN_UNUSED_VARIABLE = YES;
				IPHONEOS_DEPLOYMENT_TARGET = 8.3;
				MTL_ENABLE_DEBUG_INFO = NO;
				SDKROOT = iphoneos;
				VALIDATE_PRODUCT = YES;
			};
			name = Release;
		};
		40B504C51B04922C00E03B34 /* Debug */ = {
			isa = XCBuildConfiguration;
			baseConfigurationReference = 2251E6B00D23373F79D148FF /* Pods.debug.xcconfig */;
			buildSettings = {
				ASSETCATALOG_COMPILER_APPICON_NAME = AppIcon;
				ASSETCATALOG_COMPILER_LAUNCHIMAGE_NAME = LaunchImage;
				CODE_SIGN_IDENTITY = "";
				INFOPLIST_FILE = "20° for Nest/Info.plist";
				LD_RUNPATH_SEARCH_PATHS = "$(inherited) @executable_path/Frameworks";
				PRODUCT_NAME = "$(TARGET_NAME)";
				PROVISIONING_PROFILE = "98374d1b-bf76-4d92-a985-2988782fae7e";
			};
			name = Debug;
		};
		40B504C61B04922C00E03B34 /* Release */ = {
			isa = XCBuildConfiguration;
			baseConfigurationReference = E4F331F32B8FFF846BA39E9E /* Pods.release.xcconfig */;
			buildSettings = {
				ASSETCATALOG_COMPILER_APPICON_NAME = AppIcon;
				ASSETCATALOG_COMPILER_LAUNCHIMAGE_NAME = LaunchImage;
				CODE_SIGN_IDENTITY = "";
				INFOPLIST_FILE = "20° for Nest/Info.plist";
				LD_RUNPATH_SEARCH_PATHS = "$(inherited) @executable_path/Frameworks";
				PRODUCT_NAME = "$(TARGET_NAME)";
				PROVISIONING_PROFILE = "98374d1b-bf76-4d92-a985-2988782fae7e";
			};
			name = Release;
		};
		40B504C81B04922C00E03B34 /* Debug */ = {
			isa = XCBuildConfiguration;
			buildSettings = {
				BUNDLE_LOADER = "$(TEST_HOST)";
				"CODE_SIGN_IDENTITY[sdk=iphoneos*]" = "";
				FRAMEWORK_SEARCH_PATHS = (
					"$(SDKROOT)/Developer/Library/Frameworks",
					"$(inherited)",
				);
				GCC_PREPROCESSOR_DEFINITIONS = (
					"DEBUG=1",
					"$(inherited)",
				);
				INFOPLIST_FILE = "20° for NestTests/Info.plist";
				LD_RUNPATH_SEARCH_PATHS = "$(inherited) @executable_path/Frameworks @loader_path/Frameworks";
				PRODUCT_NAME = "$(TARGET_NAME)";
				PROVISIONING_PROFILE = "98374d1b-bf76-4d92-a985-2988782fae7e";
				TEST_HOST = "$(BUILT_PRODUCTS_DIR)/20° for Nest.app/20° for Nest";
			};
			name = Debug;
		};
		40B504C91B04922C00E03B34 /* Release */ = {
			isa = XCBuildConfiguration;
			buildSettings = {
				BUNDLE_LOADER = "$(TEST_HOST)";
				"CODE_SIGN_IDENTITY[sdk=iphoneos*]" = "";
				FRAMEWORK_SEARCH_PATHS = (
					"$(SDKROOT)/Developer/Library/Frameworks",
					"$(inherited)",
				);
				INFOPLIST_FILE = "20° for NestTests/Info.plist";
				LD_RUNPATH_SEARCH_PATHS = "$(inherited) @executable_path/Frameworks @loader_path/Frameworks";
				PRODUCT_NAME = "$(TARGET_NAME)";
				PROVISIONING_PROFILE = "98374d1b-bf76-4d92-a985-2988782fae7e";
				TEST_HOST = "$(BUILT_PRODUCTS_DIR)/20° for Nest.app/20° for Nest";
			};
			name = Release;
		};
/* End XCBuildConfiguration section */

/* Begin XCConfigurationList section */
		40B5049C1B04922C00E03B34 /* Build configuration list for PBXProject "20° for Nest" */ = {
			isa = XCConfigurationList;
			buildConfigurations = (
				40B504C21B04922C00E03B34 /* Debug */,
				40B504C31B04922C00E03B34 /* Release */,
			);
			defaultConfigurationIsVisible = 0;
			defaultConfigurationName = Release;
		};
		40B504C41B04922C00E03B34 /* Build configuration list for PBXNativeTarget "20° for Nest" */ = {
			isa = XCConfigurationList;
			buildConfigurations = (
				40B504C51B04922C00E03B34 /* Debug */,
				40B504C61B04922C00E03B34 /* Release */,
			);
			defaultConfigurationIsVisible = 0;
			defaultConfigurationName = Release;
		};
		40B504C71B04922C00E03B34 /* Build configuration list for PBXNativeTarget "20° for NestTests" */ = {
			isa = XCConfigurationList;
			buildConfigurations = (
				40B504C81B04922C00E03B34 /* Debug */,
				40B504C91B04922C00E03B34 /* Release */,
			);
			defaultConfigurationIsVisible = 0;
			defaultConfigurationName = Release;
		};
/* End XCConfigurationList section */
	};
	rootObject = 40B504991B04922C00E03B34 /* Project object */;
}
